{
  "version": "5",
  "specifiers": {
    "jsr:@std/assert@1": "1.0.19",
    "jsr:@std/cli@1": "1.0.31",
    "jsr:@std/encoding@1": "1.0.11",
    "jsr:@std/fs@1": "1.0.24",
    "jsr:@std/internal@^1.0.12": "1.0.14",
    "jsr:@std/internal@^1.0.14": "1.0.14",
    "jsr:@std/path@1": "1.1.6",
    "jsr:@std/path@^1.1.5": "1.1.6",
    "jsr:@zod/zod@^4.6.2": "4.6.2",
    "npm:mupdf@^1.28.1": "1.28.1"
  },
  "jsr": {
    "@std/assert@1.0.19": {
      "integrity": "eaada96ee120cb980bc47e040f82814d786fe8162ecc53c91d8df60b8755991e",
      "dependencies": [
        "jsr:@std/internal@^1.0.12"
      ]
    },
    "@std/cli@1.0.31": {
      "integrity": "190bb61f809378267c06be3bcd689fcc540f0cfaa5892171144cae787d02e2fd"
    },
    "@std/encoding@1.0.11": {
      "integrity": "e7cef2f0b3153bccc17431e7c864a1de03a4b6d9647389c43e08aaa775d37385"
    },
    "@std/fs@1.0.24": {
      "integrity": "f3061b45b81673a2bece689da041df32d174be064c89eb6397fb5718d3fb7877",
      "dependencies": [
        "jsr:@std/internal@^1.0.14",
        "jsr:@std/path@^1.1.5"
      ]
    },
    "@std/internal@1.0.14": {
      "integrity": "291516b3d4c35024d6ffbc0a9df5bf4c64116e05b50012cf846710152d2ffdf7"
    },
    "@std/path@1.1.6": {
      "integrity": "c68485c2a4dfbb5ae3cc74fae4e8c4e5d874cf8a8ed12927917235c758b46cbe",
      "dependencies": [
        "jsr:@std/internal@^1.0.14"
      ]
    },
    "@zod/zod@4.6.2": {
      "integrity": "22afdf3dabb5e8e38e3448e7669d81ad1b2d754c31fa0bb9aa356f41fc66c0e7"
    }
  },
  "npm": {
    "mupdf@1.28.1": {
      "integrity": "sha512-Gi11Ow2G1SlrXKJNZBL1eAIGFVih5+4ZKqjptamTVaj/5hnlrcVrVbyb7lHE2lfFKdxZPyv9ZtfOOq7XgjzEig=="
    }
  },
  "workspace": {
    "dependencies": [
      "jsr:@std/assert@1",
      "jsr:@std/cli@1",
      "jsr:@std/encoding@1",
      "jsr:@std/fs@1",
      "jsr:@std/path@1",
      "jsr:@zod/zod@^4.6.2",
      "npm:mupdf@^1.28.1"
    ]
  }
}
